# @generated by Move, please check-in and do not edit manually.

[move]
version = 3
manifest_digest = "FF296D70242987085F04C1F86112974684C8E251A195A5FC3442D6514F5EFE36"
deps_digest = "060AD7E57DFB13104F21BE5F5C3759D03F0553FC3229247D9A7A6B45F50D03A3"
dependencies = [
  { id = "Iota", name = "Iota" },
  { id = "MoveStdlib", name = "MoveStdlib" },
  { id = "Stardust", name = "Stardust" },
]

[[move.package]]
id = "Iota"
source = { git = "https://github.com/iotaledger/iota.git", rev = "7e49c58b826b34c8e2b61842ef13c8de35a0aee8", subdir = "crates/iota-framework/packages/iota-framework" }

dependencies = [
  { id = "MoveStdlib", name = "MoveStdlib" },
]

[[move.package]]
id = "MoveStdlib"
source = { git = "https://github.com/iotaledger/iota.git", rev = "7e49c58b826b34c8e2b61842ef13c8de35a0aee8", subdir = "crates/iota-framework/packages/move-stdlib" }

[[move.package]]
id = "Stardust"
source = { git = "https://github.com/iotaledger/iota.git", rev = "7e49c58b826b34c8e2b61842ef13c8de35a0aee8", subdir = "crates/iota-framework/packages/stardust" }

dependencies = [
  { id = "Iota", name = "Iota" },
  { id = "MoveStdlib", name = "MoveStdlib" },
]

[move.toolchain-version]
compiler-version = "0.12.0-rc"
edition = "2024.beta"
flavor = "iota"

[env]

[env.testnet]
chain-id = "2304aa97"
original-published-id = "0xc25bfe7a4df1592d3d3c10f33d10c164e49a7c217c8b89a56065f5e25f3dbe78"
latest-published-id = "0xc25bfe7a4df1592d3d3c10f33d10c164e49a7c217c8b89a56065f5e25f3dbe78"
published-version = "1"

[env.devnet]
chain-id = "e678123a"
original-published-id = "0x03242ae6b87406bd0eb5d669fbe874ed4003694c0be9c6a9ee7c315e6461a553"
latest-published-id = "0x03242ae6b87406bd0eb5d669fbe874ed4003694c0be9c6a9ee7c315e6461a553"
published-version = "1"

[env.localnet]
chain-id = "dfd2f03f"
original-published-id = "0x67d6d0b2e83fb7e23a17f0a63c815e883fd5d6928863d8044a20a2b2b2544755"
latest-published-id = "0x67d6d0b2e83fb7e23a17f0a63c815e883fd5d6928863d8044a20a2b2b2544755"
published-version = "1"
